
Microsoft Visual Studio Solution File, Format Version 12.00
# Visual Studio Version 16
VisualStudioVersion = 16.0.808.3
MinimumVisualStudioVersion = 10.0.40219.1
Project("{2150E333-8FDC-42A3-9474-1A3956D46DE8}") = "src", "src", "{C4FEFA4F-F663-4A88-9817-1BFB528F7EB8}"
EndProject
Project("{2150E333-8FDC-42A3-9474-1A3956D46DE8}") = "tests", "tests", "{39DC4C6E-0D38-4977-9961-AD5A16CD51C3}"
EndProject
Project("{FAE04EC0-301F-11D3-BF4B-00C04F79EFBC}") = "nMolecules.DDD", "src\nMolecules.DDD\nMolecules.DDD.csproj", "{E8D9FD45-D451-46FF-9293-E592DD6D5452}"
EndProject
Project("{FAE04EC0-301F-11D3-BF4B-00C04F79EFBC}") = "nMolecules.DDD.Test", "tests\nMolecules.DDD.Test\nMolecules.DDD.Test.csproj", "{C4CF3361-645D-41CF-B451-022D341268B2}"
EndProject
Project("{FAE04EC0-301F-11D3-BF4B-00C04F79EFBC}") = "nMolecules.Architecture", "src\nMolecules.Architecture\nMolecules.Architecture.csproj", "{E4A9ECE7-3AB1-4DE3-9D67-47ADF9525295}"
EndProject
Project("{FAE04EC0-301F-11D3-BF4B-00C04F79EFBC}") = "nMolecules.Architecture.Layered", "src\nMolecules.Architecture.Layered\nMolecules.Architecture.Layered.csproj", "{6F28F89D-5E14-4AA7-87D4-6D158B870301}"
EndProject
Project("{FAE04EC0-301F-11D3-BF4B-00C04F79EFBC}") = "nMolecules.Architecture.Cqrs", "src\nMolecules.Architecture.Cqrs\nMolecules.Architecture.Cqrs.csproj", "{17C95D45-5EE7-4B3D-97F6-6A609A3A0D02}"
EndProject
Project("{FAE04EC0-301F-11D3-BF4B-00C04F79EFBC}") = "nMolecules.Architecture.Onion", "src\nMolecules.Architecture.Onion\nMolecules.Architecture.Onion.csproj", "{6B9D2F4B-E2B7-4E41-B975-43D4C0A6A303}"
EndProject
Project("{FAE04EC0-301F-11D3-BF4B-00C04F79EFBC}") = "nMolecules.Architecture.Hexagonal", "src\nMolecules.Architecture.Hexagonal\nMolecules.Architecture.Hexagonal.csproj", "{A1D8B1D2-63F7-4D72-8F95-0D1A4B1F9404}"
EndProject
Project("{FAE04EC0-301F-11D3-BF4B-00C04F79EFBC}") = "nMolecules.Architecture.Microservices", "src\nMolecules.Architecture.Microservices\nMolecules.Architecture.Microservices.csproj", "{2E3FA4B8-C4A7-4D40-B5C8-7C9AB8C5D905}"
EndProject
Project("{FAE04EC0-301F-11D3-BF4B-00C04F79EFBC}") = "nMolecules.Architecture.EventStorming", "src\nMolecules.Architecture.EventStorming\nMolecules.Architecture.EventStorming.csproj", "{F8A4D6B1-0F42-4338-9B5E-8AE70814AA06}"
EndProject
Project("{FAE04EC0-301F-11D3-BF4B-00C04F79EFBC}") = "nMolecules.Architecture.Mvvm", "src\nMolecules.Architecture.Mvvm\nMolecules.Architecture.Mvvm.csproj", "{C7B2D34F-8E3E-438D-A06C-2F7A9C1D4F07}"
EndProject
Project("{FAE04EC0-301F-11D3-BF4B-00C04F79EFBC}") = "nMolecules.Architecture.Test", "tests\nMolecules.Architecture.Test\nMolecules.Architecture.Test.csproj", "{2C1DCAA8-1B7A-4358-9B5D-6ADD103DEB72}"
EndProject
Project("{FAE04EC0-301F-11D3-BF4B-00C04F79EFBC}") = "nMolecules.Events", "src\nMolecules.Events\nMolecules.Events.csproj", "{C5885C5B-7328-4780-86C8-12F3D4E878B2}"
EndProject
Project("{FAE04EC0-301F-11D3-BF4B-00C04F79EFBC}") = "nMolecules.Events.Test", "tests\nMolecules.Events.Test\nMolecules.Events.Test.csproj", "{39D24727-8592-43C7-9BBA-9AC833A393C4}"
EndProject
Project("{FAE04EC0-301F-11D3-BF4B-00C04F79EFBC}") = "nMolecules.Persistence.EntityFramework.Test", "tests\nMolecules.Persistence.EntityFramework.Test\nMolecules.Persistence.EntityFramework.Test.csproj", "{27EDD8BB-3BCB-425F-B62E-9DA53C6C3FE3}"
EndProject
Project("{FAE04EC0-301F-11D3-BF4B-00C04F79EFBC}") = "nMolecules.Persistence.EntityFramework", "src\nMolecules.Persistence.EntityFramework\nMolecules.Persistence.EntityFramework.csproj", "{8E7D4F3C-2BD5-4E95-A673-0D1D0B56EADE}"
EndProject
Project("{FAE04EC0-301F-11D3-BF4B-00C04F79EFBC}") = "nMolecules.Bricks.Test", "tests\nMolecules.Bricks.Test\nMolecules.Bricks.Test.csproj", "{D4066347-0F01-4B47-B63C-C00B7C281D19}"
EndProject
Project("{FAE04EC0-301F-11D3-BF4B-00C04F79EFBC}") = "nMolecules.Bricks", "src\nMolecules.Bricks\nMolecules.Bricks.csproj", "{02F776F3-395C-4FAF-AB1C-E37B08F792A2}"
EndProject
Project("{FAE04EC0-301F-11D3-BF4B-00C04F79EFBC}") = "nMolecules.Bricks.Analyzers", "src\nMolecules.Bricks.Analyzers\nMolecules.Bricks.Analyzers.csproj", "{198C8A01-9368-4F5D-AC7E-15F1E3EEDA59}"
EndProject
Project("{FAE04EC0-301F-11D3-BF4B-00C04F79EFBC}") = "nMolecules.Bricks.Analyzers.Test", "tests\nMolecules.Bricks.Analyzers.Test\nMolecules.Bricks.Analyzers.Test.csproj", "{F906E945-C46C-4C33-905D-EC9BC7BA871F}"
EndProject
Global
	GlobalSection(SolutionConfigurationPlatforms) = preSolution
		Debug|Any CPU = Debug|Any CPU
		Debug|x64 = Debug|x64
		Debug|x86 = Debug|x86
		Release|Any CPU = Release|Any CPU
		Release|x64 = Release|x64
		Release|x86 = Release|x86
	EndGlobalSection
	GlobalSection(ProjectConfigurationPlatforms) = postSolution
		{E8D9FD45-D451-46FF-9293-E592DD6D5452}.Debug|Any CPU.ActiveCfg = Debug|Any CPU
		{E8D9FD45-D451-46FF-9293-E592DD6D5452}.Debug|Any CPU.Build.0 = Debug|Any CPU
		{E8D9FD45-D451-46FF-9293-E592DD6D5452}.Debug|x64.ActiveCfg = Debug|Any CPU
		{E8D9FD45-D451-46FF-9293-E592DD6D5452}.Debug|x64.Build.0 = Debug|Any CPU
		{E8D9FD45-D451-46FF-9293-E592DD6D5452}.Debug|x86.ActiveCfg = Debug|Any CPU
		{E8D9FD45-D451-46FF-9293-E592DD6D5452}.Debug|x86.Build.0 = Debug|Any CPU
		{E8D9FD45-D451-46FF-9293-E592DD6D5452}.Release|Any CPU.ActiveCfg = Release|Any CPU
		{E8D9FD45-D451-46FF-9293-E592DD6D5452}.Release|Any CPU.Build.0 = Release|Any CPU
		{E8D9FD45-D451-46FF-9293-E592DD6D5452}.Release|x64.ActiveCfg = Release|Any CPU
		{E8D9FD45-D451-46FF-9293-E592DD6D5452}.Release|x64.Build.0 = Release|Any CPU
		{E8D9FD45-D451-46FF-9293-E592DD6D5452}.Release|x86.ActiveCfg = Release|Any CPU
		{E8D9FD45-D451-46FF-9293-E592DD6D5452}.Release|x86.Build.0 = Release|Any CPU
		{C4CF3361-645D-41CF-B451-022D341268B2}.Debug|Any CPU.ActiveCfg = Debug|Any CPU
		{C4CF3361-645D-41CF-B451-022D341268B2}.Debug|Any CPU.Build.0 = Debug|Any CPU
		{C4CF3361-645D-41CF-B451-022D341268B2}.Debug|x64.ActiveCfg = Debug|Any CPU
		{C4CF3361-645D-41CF-B451-022D341268B2}.Debug|x64.Build.0 = Debug|Any CPU
		{C4CF3361-645D-41CF-B451-022D341268B2}.Debug|x86.ActiveCfg = Debug|Any CPU
		{C4CF3361-645D-41CF-B451-022D341268B2}.Debug|x86.Build.0 = Debug|Any CPU
		{C4CF3361-645D-41CF-B451-022D341268B2}.Release|Any CPU.ActiveCfg = Release|Any CPU
		{C4CF3361-645D-41CF-B451-022D341268B2}.Release|Any CPU.Build.0 = Release|Any CPU
		{C4CF3361-645D-41CF-B451-022D341268B2}.Release|x64.ActiveCfg = Release|Any CPU
		{C4CF3361-645D-41CF-B451-022D341268B2}.Release|x64.Build.0 = Release|Any CPU
		{C4CF3361-645D-41CF-B451-022D341268B2}.Release|x86.ActiveCfg = Release|Any CPU
		{C4CF3361-645D-41CF-B451-022D341268B2}.Release|x86.Build.0 = Release|Any CPU
		{E4A9ECE7-3AB1-4DE3-9D67-47ADF9525295}.Debug|Any CPU.ActiveCfg = Debug|Any CPU
		{E4A9ECE7-3AB1-4DE3-9D67-47ADF9525295}.Debug|Any CPU.Build.0 = Debug|Any CPU
		{E4A9ECE7-3AB1-4DE3-9D67-47ADF9525295}.Debug|x64.ActiveCfg = Debug|Any CPU
		{E4A9ECE7-3AB1-4DE3-9D67-47ADF9525295}.Debug|x64.Build.0 = Debug|Any CPU
		{E4A9ECE7-3AB1-4DE3-9D67-47ADF9525295}.Debug|x86.ActiveCfg = Debug|Any CPU
		{E4A9ECE7-3AB1-4DE3-9D67-47ADF9525295}.Debug|x86.Build.0 = Debug|Any CPU
		{E4A9ECE7-3AB1-4DE3-9D67-47ADF9525295}.Release|Any CPU.ActiveCfg = Release|Any CPU
		{E4A9ECE7-3AB1-4DE3-9D67-47ADF9525295}.Release|Any CPU.Build.0 = Release|Any CPU
		{E4A9ECE7-3AB1-4DE3-9D67-47ADF9525295}.Release|x64.ActiveCfg = Release|Any CPU
		{E4A9ECE7-3AB1-4DE3-9D67-47ADF9525295}.Release|x64.Build.0 = Release|Any CPU
		{E4A9ECE7-3AB1-4DE3-9D67-47ADF9525295}.Release|x86.ActiveCfg = Release|Any CPU
		{E4A9ECE7-3AB1-4DE3-9D67-47ADF9525295}.Release|x86.Build.0 = Release|Any CPU
		{6F28F89D-5E14-4AA7-87D4-6D158B870301}.Debug|Any CPU.ActiveCfg = Debug|Any CPU
		{6F28F89D-5E14-4AA7-87D4-6D158B870301}.Debug|Any CPU.Build.0 = Debug|Any CPU
		{6F28F89D-5E14-4AA7-87D4-6D158B870301}.Debug|x64.ActiveCfg = Debug|Any CPU
		{6F28F89D-5E14-4AA7-87D4-6D158B870301}.Debug|x64.Build.0 = Debug|Any CPU
		{6F28F89D-5E14-4AA7-87D4-6D158B870301}.Debug|x86.ActiveCfg = Debug|Any CPU
		{6F28F89D-5E14-4AA7-87D4-6D158B870301}.Debug|x86.Build.0 = Debug|Any CPU
		{6F28F89D-5E14-4AA7-87D4-6D158B870301}.Release|Any CPU.ActiveCfg = Release|Any CPU
		{6F28F89D-5E14-4AA7-87D4-6D158B870301}.Release|Any CPU.Build.0 = Release|Any CPU
		{6F28F89D-5E14-4AA7-87D4-6D158B870301}.Release|x64.ActiveCfg = Release|Any CPU
		{6F28F89D-5E14-4AA7-87D4-6D158B870301}.Release|x64.Build.0 = Release|Any CPU
		{6F28F89D-5E14-4AA7-87D4-6D158B870301}.Release|x86.ActiveCfg = Release|Any CPU
		{6F28F89D-5E14-4AA7-87D4-6D158B870301}.Release|x86.Build.0 = Release|Any CPU
		{17C95D45-5EE7-4B3D-97F6-6A609A3A0D02}.Debug|Any CPU.ActiveCfg = Debug|Any CPU
		{17C95D45-5EE7-4B3D-97F6-6A609A3A0D02}.Debug|Any CPU.Build.0 = Debug|Any CPU
		{17C95D45-5EE7-4B3D-97F6-6A609A3A0D02}.Debug|x64.ActiveCfg = Debug|Any CPU
		{17C95D45-5EE7-4B3D-97F6-6A609A3A0D02}.Debug|x64.Build.0 = Debug|Any CPU
		{17C95D45-5EE7-4B3D-97F6-6A609A3A0D02}.Debug|x86.ActiveCfg = Debug|Any CPU
		{17C95D45-5EE7-4B3D-97F6-6A609A3A0D02}.Debug|x86.Build.0 = Debug|Any CPU
		{17C95D45-5EE7-4B3D-97F6-6A609A3A0D02}.Release|Any CPU.ActiveCfg = Release|Any CPU
		{17C95D45-5EE7-4B3D-97F6-6A609A3A0D02}.Release|Any CPU.Build.0 = Release|Any CPU
		{17C95D45-5EE7-4B3D-97F6-6A609A3A0D02}.Release|x64.ActiveCfg = Release|Any CPU
		{17C95D45-5EE7-4B3D-97F6-6A609A3A0D02}.Release|x64.Build.0 = Release|Any CPU
		{17C95D45-5EE7-4B3D-97F6-6A609A3A0D02}.Release|x86.ActiveCfg = Release|Any CPU
		{17C95D45-5EE7-4B3D-97F6-6A609A3A0D02}.Release|x86.Build.0 = Release|Any CPU
		{6B9D2F4B-E2B7-4E41-B975-43D4C0A6A303}.Debug|Any CPU.ActiveCfg = Debug|Any CPU
		{6B9D2F4B-E2B7-4E41-B975-43D4C0A6A303}.Debug|Any CPU.Build.0 = Debug|Any CPU
		{6B9D2F4B-E2B7-4E41-B975-43D4C0A6A303}.Debug|x64.ActiveCfg = Debug|Any CPU
		{6B9D2F4B-E2B7-4E41-B975-43D4C0A6A303}.Debug|x64.Build.0 = Debug|Any CPU
		{6B9D2F4B-E2B7-4E41-B975-43D4C0A6A303}.Debug|x86.ActiveCfg = Debug|Any CPU
		{6B9D2F4B-E2B7-4E41-B975-43D4C0A6A303}.Debug|x86.Build.0 = Debug|Any CPU
		{6B9D2F4B-E2B7-4E41-B975-43D4C0A6A303}.Release|Any CPU.ActiveCfg = Release|Any CPU
		{6B9D2F4B-E2B7-4E41-B975-43D4C0A6A303}.Release|Any CPU.Build.0 = Release|Any CPU
		{6B9D2F4B-E2B7-4E41-B975-43D4C0A6A303}.Release|x64.ActiveCfg = Release|Any CPU
		{6B9D2F4B-E2B7-4E41-B975-43D4C0A6A303}.Release|x64.Build.0 = Release|Any CPU
		{6B9D2F4B-E2B7-4E41-B975-43D4C0A6A303}.Release|x86.ActiveCfg = Release|Any CPU
		{6B9D2F4B-E2B7-4E41-B975-43D4C0A6A303}.Release|x86.Build.0 = Release|Any CPU
		{A1D8B1D2-63F7-4D72-8F95-0D1A4B1F9404}.Debug|Any CPU.ActiveCfg = Debug|Any CPU
		{A1D8B1D2-63F7-4D72-8F95-0D1A4B1F9404}.Debug|Any CPU.Build.0 = Debug|Any CPU
		{A1D8B1D2-63F7-4D72-8F95-0D1A4B1F9404}.Debug|x64.ActiveCfg = Debug|Any CPU
		{A1D8B1D2-63F7-4D72-8F95-0D1A4B1F9404}.Debug|x64.Build.0 = Debug|Any CPU
		{A1D8B1D2-63F7-4D72-8F95-0D1A4B1F9404}.Debug|x86.ActiveCfg = Debug|Any CPU
		{A1D8B1D2-63F7-4D72-8F95-0D1A4B1F9404}.Debug|x86.Build.0 = Debug|Any CPU
		{A1D8B1D2-63F7-4D72-8F95-0D1A4B1F9404}.Release|Any CPU.ActiveCfg = Release|Any CPU
		{A1D8B1D2-63F7-4D72-8F95-0D1A4B1F9404}.Release|Any CPU.Build.0 = Release|Any CPU
		{A1D8B1D2-63F7-4D72-8F95-0D1A4B1F9404}.Release|x64.ActiveCfg = Release|Any CPU
		{A1D8B1D2-63F7-4D72-8F95-0D1A4B1F9404}.Release|x64.Build.0 = Release|Any CPU
		{A1D8B1D2-63F7-4D72-8F95-0D1A4B1F9404}.Release|x86.ActiveCfg = Release|Any CPU
		{A1D8B1D2-63F7-4D72-8F95-0D1A4B1F9404}.Release|x86.Build.0 = Release|Any CPU
		{2E3FA4B8-C4A7-4D40-B5C8-7C9AB8C5D905}.Debug|Any CPU.ActiveCfg = Debug|Any CPU
		{2E3FA4B8-C4A7-4D40-B5C8-7C9AB8C5D905}.Debug|Any CPU.Build.0 = Debug|Any CPU
		{2E3FA4B8-C4A7-4D40-B5C8-7C9AB8C5D905}.Debug|x64.ActiveCfg = Debug|Any CPU
		{2E3FA4B8-C4A7-4D40-B5C8-7C9AB8C5D905}.Debug|x64.Build.0 = Debug|Any CPU
		{2E3FA4B8-C4A7-4D40-B5C8-7C9AB8C5D905}.Debug|x86.ActiveCfg = Debug|Any CPU
		{2E3FA4B8-C4A7-4D40-B5C8-7C9AB8C5D905}.Debug|x86.Build.0 = Debug|Any CPU
		{2E3FA4B8-C4A7-4D40-B5C8-7C9AB8C5D905}.Release|Any CPU.ActiveCfg = Release|Any CPU
		{2E3FA4B8-C4A7-4D40-B5C8-7C9AB8C5D905}.Release|Any CPU.Build.0 = Release|Any CPU
		{2E3FA4B8-C4A7-4D40-B5C8-7C9AB8C5D905}.Release|x64.ActiveCfg = Release|Any CPU
		{2E3FA4B8-C4A7-4D40-B5C8-7C9AB8C5D905}.Release|x64.Build.0 = Release|Any CPU
		{2E3FA4B8-C4A7-4D40-B5C8-7C9AB8C5D905}.Release|x86.ActiveCfg = Release|Any CPU
		{2E3FA4B8-C4A7-4D40-B5C8-7C9AB8C5D905}.Release|x86.Build.0 = Release|Any CPU
		{F8A4D6B1-0F42-4338-9B5E-8AE70814AA06}.Debug|Any CPU.ActiveCfg = Debug|Any CPU
		{F8A4D6B1-0F42-4338-9B5E-8AE70814AA06}.Debug|Any CPU.Build.0 = Debug|Any CPU
		{F8A4D6B1-0F42-4338-9B5E-8AE70814AA06}.Debug|x64.ActiveCfg = Debug|Any CPU
		{F8A4D6B1-0F42-4338-9B5E-8AE70814AA06}.Debug|x64.Build.0 = Debug|Any CPU
		{F8A4D6B1-0F42-4338-9B5E-8AE70814AA06}.Debug|x86.ActiveCfg = Debug|Any CPU
		{F8A4D6B1-0F42-4338-9B5E-8AE70814AA06}.Debug|x86.Build.0 = Debug|Any CPU
		{F8A4D6B1-0F42-4338-9B5E-8AE70814AA06}.Release|Any CPU.ActiveCfg = Release|Any CPU
		{F8A4D6B1-0F42-4338-9B5E-8AE70814AA06}.Release|Any CPU.Build.0 = Release|Any CPU
		{F8A4D6B1-0F42-4338-9B5E-8AE70814AA06}.Release|x64.ActiveCfg = Release|Any CPU
		{F8A4D6B1-0F42-4338-9B5E-8AE70814AA06}.Release|x64.Build.0 = Release|Any CPU
		{F8A4D6B1-0F42-4338-9B5E-8AE70814AA06}.Release|x86.ActiveCfg = Release|Any CPU
		{F8A4D6B1-0F42-4338-9B5E-8AE70814AA06}.Release|x86.Build.0 = Release|Any CPU
		{C7B2D34F-8E3E-438D-A06C-2F7A9C1D4F07}.Debug|Any CPU.ActiveCfg = Debug|Any CPU
		{C7B2D34F-8E3E-438D-A06C-2F7A9C1D4F07}.Debug|Any CPU.Build.0 = Debug|Any CPU
		{C7B2D34F-8E3E-438D-A06C-2F7A9C1D4F07}.Debug|x64.ActiveCfg = Debug|Any CPU
		{C7B2D34F-8E3E-438D-A06C-2F7A9C1D4F07}.Debug|x64.Build.0 = Debug|Any CPU
		{C7B2D34F-8E3E-438D-A06C-2F7A9C1D4F07}.Debug|x86.ActiveCfg = Debug|Any CPU
		{C7B2D34F-8E3E-438D-A06C-2F7A9C1D4F07}.Debug|x86.Build.0 = Debug|Any CPU
		{C7B2D34F-8E3E-438D-A06C-2F7A9C1D4F07}.Release|Any CPU.ActiveCfg = Release|Any CPU
		{C7B2D34F-8E3E-438D-A06C-2F7A9C1D4F07}.Release|Any CPU.Build.0 = Release|Any CPU
		{C7B2D34F-8E3E-438D-A06C-2F7A9C1D4F07}.Release|x64.ActiveCfg = Release|Any CPU
		{C7B2D34F-8E3E-438D-A06C-2F7A9C1D4F07}.Release|x64.Build.0 = Release|Any CPU
		{C7B2D34F-8E3E-438D-A06C-2F7A9C1D4F07}.Release|x86.ActiveCfg = Release|Any CPU
		{C7B2D34F-8E3E-438D-A06C-2F7A9C1D4F07}.Release|x86.Build.0 = Release|Any CPU
		{2C1DCAA8-1B7A-4358-9B5D-6ADD103DEB72}.Debug|Any CPU.ActiveCfg = Debug|Any CPU
		{2C1DCAA8-1B7A-4358-9B5D-6ADD103DEB72}.Debug|Any CPU.Build.0 = Debug|Any CPU
		{2C1DCAA8-1B7A-4358-9B5D-6ADD103DEB72}.Debug|x64.ActiveCfg = Debug|Any CPU
		{2C1DCAA8-1B7A-4358-9B5D-6ADD103DEB72}.Debug|x64.Build.0 = Debug|Any CPU
		{2C1DCAA8-1B7A-4358-9B5D-6ADD103DEB72}.Debug|x86.ActiveCfg = Debug|Any CPU
		{2C1DCAA8-1B7A-4358-9B5D-6ADD103DEB72}.Debug|x86.Build.0 = Debug|Any CPU
		{2C1DCAA8-1B7A-4358-9B5D-6ADD103DEB72}.Release|Any CPU.ActiveCfg = Release|Any CPU
		{2C1DCAA8-1B7A-4358-9B5D-6ADD103DEB72}.Release|Any CPU.Build.0 = Release|Any CPU
		{2C1DCAA8-1B7A-4358-9B5D-6ADD103DEB72}.Release|x64.ActiveCfg = Release|Any CPU
		{2C1DCAA8-1B7A-4358-9B5D-6ADD103DEB72}.Release|x64.Build.0 = Release|Any CPU
		{2C1DCAA8-1B7A-4358-9B5D-6ADD103DEB72}.Release|x86.ActiveCfg = Release|Any CPU
		{2C1DCAA8-1B7A-4358-9B5D-6ADD103DEB72}.Release|x86.Build.0 = Release|Any CPU
		{C5885C5B-7328-4780-86C8-12F3D4E878B2}.Debug|Any CPU.ActiveCfg = Debug|Any CPU
		{C5885C5B-7328-4780-86C8-12F3D4E878B2}.Debug|Any CPU.Build.0 = Debug|Any CPU
		{C5885C5B-7328-4780-86C8-12F3D4E878B2}.Debug|x64.ActiveCfg = Debug|Any CPU
		{C5885C5B-7328-4780-86C8-12F3D4E878B2}.Debug|x64.Build.0 = Debug|Any CPU
		{C5885C5B-7328-4780-86C8-12F3D4E878B2}.Debug|x86.ActiveCfg = Debug|Any CPU
		{C5885C5B-7328-4780-86C8-12F3D4E878B2}.Debug|x86.Build.0 = Debug|Any CPU
		{C5885C5B-7328-4780-86C8-12F3D4E878B2}.Release|Any CPU.ActiveCfg = Release|Any CPU
		{C5885C5B-7328-4780-86C8-12F3D4E878B2}.Release|Any CPU.Build.0 = Release|Any CPU
		{C5885C5B-7328-4780-86C8-12F3D4E878B2}.Release|x64.ActiveCfg = Release|Any CPU
		{C5885C5B-7328-4780-86C8-12F3D4E878B2}.Release|x64.Build.0 = Release|Any CPU
		{C5885C5B-7328-4780-86C8-12F3D4E878B2}.Release|x86.ActiveCfg = Release|Any CPU
		{C5885C5B-7328-4780-86C8-12F3D4E878B2}.Release|x86.Build.0 = Release|Any CPU
		{39D24727-8592-43C7-9BBA-9AC833A393C4}.Debug|Any CPU.ActiveCfg = Debug|Any CPU
		{39D24727-8592-43C7-9BBA-9AC833A393C4}.Debug|Any CPU.Build.0 = Debug|Any CPU
		{39D24727-8592-43C7-9BBA-9AC833A393C4}.Debug|x64.ActiveCfg = Debug|Any CPU
		{39D24727-8592-43C7-9BBA-9AC833A393C4}.Debug|x64.Build.0 = Debug|Any CPU
		{39D24727-8592-43C7-9BBA-9AC833A393C4}.Debug|x86.ActiveCfg = Debug|Any CPU
		{39D24727-8592-43C7-9BBA-9AC833A393C4}.Debug|x86.Build.0 = Debug|Any CPU
		{39D24727-8592-43C7-9BBA-9AC833A393C4}.Release|Any CPU.ActiveCfg = Release|Any CPU
		{39D24727-8592-43C7-9BBA-9AC833A393C4}.Release|Any CPU.Build.0 = Release|Any CPU
		{39D24727-8592-43C7-9BBA-9AC833A393C4}.Release|x64.ActiveCfg = Release|Any CPU
		{39D24727-8592-43C7-9BBA-9AC833A393C4}.Release|x64.Build.0 = Release|Any CPU
		{39D24727-8592-43C7-9BBA-9AC833A393C4}.Release|x86.ActiveCfg = Release|Any CPU
		{39D24727-8592-43C7-9BBA-9AC833A393C4}.Release|x86.Build.0 = Release|Any CPU
		{27EDD8BB-3BCB-425F-B62E-9DA53C6C3FE3}.Debug|Any CPU.ActiveCfg = Debug|Any CPU
		{27EDD8BB-3BCB-425F-B62E-9DA53C6C3FE3}.Debug|Any CPU.Build.0 = Debug|Any CPU
		{27EDD8BB-3BCB-425F-B62E-9DA53C6C3FE3}.Debug|x64.ActiveCfg = Debug|Any CPU
		{27EDD8BB-3BCB-425F-B62E-9DA53C6C3FE3}.Debug|x64.Build.0 = Debug|Any CPU
		{27EDD8BB-3BCB-425F-B62E-9DA53C6C3FE3}.Debug|x86.ActiveCfg = Debug|Any CPU
		{27EDD8BB-3BCB-425F-B62E-9DA53C6C3FE3}.Debug|x86.Build.0 = Debug|Any CPU
		{27EDD8BB-3BCB-425F-B62E-9DA53C6C3FE3}.Release|Any CPU.ActiveCfg = Release|Any CPU
		{27EDD8BB-3BCB-425F-B62E-9DA53C6C3FE3}.Release|Any CPU.Build.0 = Release|Any CPU
		{27EDD8BB-3BCB-425F-B62E-9DA53C6C3FE3}.Release|x64.ActiveCfg = Release|Any CPU
		{27EDD8BB-3BCB-425F-B62E-9DA53C6C3FE3}.Release|x64.Build.0 = Release|Any CPU
		{27EDD8BB-3BCB-425F-B62E-9DA53C6C3FE3}.Release|x86.ActiveCfg = Release|Any CPU
		{27EDD8BB-3BCB-425F-B62E-9DA53C6C3FE3}.Release|x86.Build.0 = Release|Any CPU
		{8E7D4F3C-2BD5-4E95-A673-0D1D0B56EADE}.Debug|Any CPU.ActiveCfg = Debug|Any CPU
		{8E7D4F3C-2BD5-4E95-A673-0D1D0B56EADE}.Debug|Any CPU.Build.0 = Debug|Any CPU
		{8E7D4F3C-2BD5-4E95-A673-0D1D0B56EADE}.Debug|x64.ActiveCfg = Debug|Any CPU
		{8E7D4F3C-2BD5-4E95-A673-0D1D0B56EADE}.Debug|x64.Build.0 = Debug|Any CPU
		{8E7D4F3C-2BD5-4E95-A673-0D1D0B56EADE}.Debug|x86.ActiveCfg = Debug|Any CPU
		{8E7D4F3C-2BD5-4E95-A673-0D1D0B56EADE}.Debug|x86.Build.0 = Debug|Any CPU
		{8E7D4F3C-2BD5-4E95-A673-0D1D0B56EADE}.Release|Any CPU.ActiveCfg = Release|Any CPU
		{8E7D4F3C-2BD5-4E95-A673-0D1D0B56EADE}.Release|Any CPU.Build.0 = Release|Any CPU
		{8E7D4F3C-2BD5-4E95-A673-0D1D0B56EADE}.Release|x64.ActiveCfg = Release|Any CPU
		{8E7D4F3C-2BD5-4E95-A673-0D1D0B56EADE}.Release|x64.Build.0 = Release|Any CPU
		{8E7D4F3C-2BD5-4E95-A673-0D1D0B56EADE}.Release|x86.ActiveCfg = Release|Any CPU
		{8E7D4F3C-2BD5-4E95-A673-0D1D0B56EADE}.Release|x86.Build.0 = Release|Any CPU
		{D4066347-0F01-4B47-B63C-C00B7C281D19}.Debug|Any CPU.ActiveCfg = Debug|Any CPU
		{D4066347-0F01-4B47-B63C-C00B7C281D19}.Debug|Any CPU.Build.0 = Debug|Any CPU
		{D4066347-0F01-4B47-B63C-C00B7C281D19}.Debug|x64.ActiveCfg = Debug|Any CPU
		{D4066347-0F01-4B47-B63C-C00B7C281D19}.Debug|x64.Build.0 = Debug|Any CPU
		{D4066347-0F01-4B47-B63C-C00B7C281D19}.Debug|x86.ActiveCfg = Debug|Any CPU
		{D4066347-0F01-4B47-B63C-C00B7C281D19}.Debug|x86.Build.0 = Debug|Any CPU
		{D4066347-0F01-4B47-B63C-C00B7C281D19}.Release|Any CPU.ActiveCfg = Release|Any CPU
		{D4066347-0F01-4B47-B63C-C00B7C281D19}.Release|Any CPU.Build.0 = Release|Any CPU
		{D4066347-0F01-4B47-B63C-C00B7C281D19}.Release|x64.ActiveCfg = Release|Any CPU
		{D4066347-0F01-4B47-B63C-C00B7C281D19}.Release|x64.Build.0 = Release|Any CPU
		{D4066347-0F01-4B47-B63C-C00B7C281D19}.Release|x86.ActiveCfg = Release|Any CPU
		{D4066347-0F01-4B47-B63C-C00B7C281D19}.Release|x86.Build.0 = Release|Any CPU
		{02F776F3-395C-4FAF-AB1C-E37B08F792A2}.Debug|Any CPU.ActiveCfg = Debug|Any CPU
		{02F776F3-395C-4FAF-AB1C-E37B08F792A2}.Debug|Any CPU.Build.0 = Debug|Any CPU
		{02F776F3-395C-4FAF-AB1C-E37B08F792A2}.Debug|x64.ActiveCfg = Debug|Any CPU
		{02F776F3-395C-4FAF-AB1C-E37B08F792A2}.Debug|x64.Build.0 = Debug|Any CPU
		{02F776F3-395C-4FAF-AB1C-E37B08F792A2}.Debug|x86.ActiveCfg = Debug|Any CPU
		{02F776F3-395C-4FAF-AB1C-E37B08F792A2}.Debug|x86.Build.0 = Debug|Any CPU
		{02F776F3-395C-4FAF-AB1C-E37B08F792A2}.Release|Any CPU.ActiveCfg = Release|Any CPU
		{02F776F3-395C-4FAF-AB1C-E37B08F792A2}.Release|Any CPU.Build.0 = Release|Any CPU
		{02F776F3-395C-4FAF-AB1C-E37B08F792A2}.Release|x64.ActiveCfg = Release|Any CPU
		{02F776F3-395C-4FAF-AB1C-E37B08F792A2}.Release|x64.Build.0 = Release|Any CPU
		{02F776F3-395C-4FAF-AB1C-E37B08F792A2}.Release|x86.ActiveCfg = Release|Any CPU
		{02F776F3-395C-4FAF-AB1C-E37B08F792A2}.Release|x86.Build.0 = Release|Any CPU
		{198C8A01-9368-4F5D-AC7E-15F1E3EEDA59}.Debug|Any CPU.ActiveCfg = Debug|Any CPU
		{198C8A01-9368-4F5D-AC7E-15F1E3EEDA59}.Debug|Any CPU.Build.0 = Debug|Any CPU
		{198C8A01-9368-4F5D-AC7E-15F1E3EEDA59}.Debug|x64.ActiveCfg = Debug|Any CPU
		{198C8A01-9368-4F5D-AC7E-15F1E3EEDA59}.Debug|x64.Build.0 = Debug|Any CPU
		{198C8A01-9368-4F5D-AC7E-15F1E3EEDA59}.Debug|x86.ActiveCfg = Debug|Any CPU
		{198C8A01-9368-4F5D-AC7E-15F1E3EEDA59}.Debug|x86.Build.0 = Debug|Any CPU
		{198C8A01-9368-4F5D-AC7E-15F1E3EEDA59}.Release|Any CPU.ActiveCfg = Release|Any CPU
		{198C8A01-9368-4F5D-AC7E-15F1E3EEDA59}.Release|Any CPU.Build.0 = Release|Any CPU
		{198C8A01-9368-4F5D-AC7E-15F1E3EEDA59}.Release|x64.ActiveCfg = Release|Any CPU
		{198C8A01-9368-4F5D-AC7E-15F1E3EEDA59}.Release|x64.Build.0 = Release|Any CPU
		{198C8A01-9368-4F5D-AC7E-15F1E3EEDA59}.Release|x86.ActiveCfg = Release|Any CPU
		{198C8A01-9368-4F5D-AC7E-15F1E3EEDA59}.Release|x86.Build.0 = Release|Any CPU
		{F906E945-C46C-4C33-905D-EC9BC7BA871F}.Debug|Any CPU.ActiveCfg = Debug|Any CPU
		{F906E945-C46C-4C33-905D-EC9BC7BA871F}.Debug|Any CPU.Build.0 = Debug|Any CPU
		{F906E945-C46C-4C33-905D-EC9BC7BA871F}.Debug|x64.ActiveCfg = Debug|Any CPU
		{F906E945-C46C-4C33-905D-EC9BC7BA871F}.Debug|x64.Build.0 = Debug|Any CPU
		{F906E945-C46C-4C33-905D-EC9BC7BA871F}.Debug|x86.ActiveCfg = Debug|Any CPU
		{F906E945-C46C-4C33-905D-EC9BC7BA871F}.Debug|x86.Build.0 = Debug|Any CPU
		{F906E945-C46C-4C33-905D-EC9BC7BA871F}.Release|Any CPU.ActiveCfg = Release|Any CPU
		{F906E945-C46C-4C33-905D-EC9BC7BA871F}.Release|Any CPU.Build.0 = Release|Any CPU
		{F906E945-C46C-4C33-905D-EC9BC7BA871F}.Release|x64.ActiveCfg = Release|Any CPU
		{F906E945-C46C-4C33-905D-EC9BC7BA871F}.Release|x64.Build.0 = Release|Any CPU
		{F906E945-C46C-4C33-905D-EC9BC7BA871F}.Release|x86.ActiveCfg = Release|Any CPU
		{F906E945-C46C-4C33-905D-EC9BC7BA871F}.Release|x86.Build.0 = Release|Any CPU
	EndGlobalSection
	GlobalSection(SolutionProperties) = preSolution
		HideSolutionNode = FALSE
	EndGlobalSection
	GlobalSection(NestedProjects) = preSolution
		{6F28F89D-5E14-4AA7-87D4-6D158B870301} = {C4FEFA4F-F663-4A88-9817-1BFB528F7EB8}
		{17C95D45-5EE7-4B3D-97F6-6A609A3A0D02} = {C4FEFA4F-F663-4A88-9817-1BFB528F7EB8}
		{6B9D2F4B-E2B7-4E41-B975-43D4C0A6A303} = {C4FEFA4F-F663-4A88-9817-1BFB528F7EB8}
		{A1D8B1D2-63F7-4D72-8F95-0D1A4B1F9404} = {C4FEFA4F-F663-4A88-9817-1BFB528F7EB8}
		{2E3FA4B8-C4A7-4D40-B5C8-7C9AB8C5D905} = {C4FEFA4F-F663-4A88-9817-1BFB528F7EB8}
		{F8A4D6B1-0F42-4338-9B5E-8AE70814AA06} = {C4FEFA4F-F663-4A88-9817-1BFB528F7EB8}
		{C7B2D34F-8E3E-438D-A06C-2F7A9C1D4F07} = {C4FEFA4F-F663-4A88-9817-1BFB528F7EB8}
		{C5885C5B-7328-4780-86C8-12F3D4E878B2} = {C4FEFA4F-F663-4A88-9817-1BFB528F7EB8}
		{39D24727-8592-43C7-9BBA-9AC833A393C4} = {39DC4C6E-0D38-4977-9961-AD5A16CD51C3}
		{27EDD8BB-3BCB-425F-B62E-9DA53C6C3FE3} = {39DC4C6E-0D38-4977-9961-AD5A16CD51C3}
		{8E7D4F3C-2BD5-4E95-A673-0D1D0B56EADE} = {C4FEFA4F-F663-4A88-9817-1BFB528F7EB8}
		{D4066347-0F01-4B47-B63C-C00B7C281D19} = {39DC4C6E-0D38-4977-9961-AD5A16CD51C3}
		{02F776F3-395C-4FAF-AB1C-E37B08F792A2} = {C4FEFA4F-F663-4A88-9817-1BFB528F7EB8}
		{198C8A01-9368-4F5D-AC7E-15F1E3EEDA59} = {C4FEFA4F-F663-4A88-9817-1BFB528F7EB8}
		{F906E945-C46C-4C33-905D-EC9BC7BA871F} = {39DC4C6E-0D38-4977-9961-AD5A16CD51C3}
	EndGlobalSection
	GlobalSection(ExtensibilityGlobals) = postSolution
		SolutionGuid = {AA898276-BA17-4023-BD9E-768E60258423}
	EndGlobalSection
EndGlobal
